
Microsoft Visual Studio Solution File, Format Version 12.00
# Visual Studio 15
VisualStudioVersion = 15.0.28010.2036
MinimumVisualStudioVersion = 10.0.40219.1
Project("{9A19103F-16F7-4668-BE54-9A1E7A4F7556}") = "ARTfeeling.Srv", "ARTfeeling.Srv\ARTfeeling.Srv.csproj", "{B7591A97-3867-4996-82CC-34C4ECBB78A1}"
EndProject
Global
	GlobalSection(SolutionConfigurationPlatforms) = preSolution
		Debug|Any CPU = Debug|Any CPU
		Release|Any CPU = Release|Any CPU
	EndGlobalSection
	GlobalSection(ProjectConfigurationPlatforms) = postSolution
		{B7591A97-3867-4996-82CC-34C4ECBB78A1}.Debug|Any CPU.ActiveCfg = Debug|Any CPU
		{B7591A97-3867-4996-82CC-34C4ECBB78A1}.Debug|Any CPU.Build.0 = Debug|Any CPU
		{B7591A97-3867-4996-82CC-34C4ECBB78A1}.Release|Any CPU.ActiveCfg = Release|Any CPU
		{B7591A97-3867-4996-82CC-34C4ECBB78A1}.Release|Any CPU.Build.0 = Release|Any CPU
	EndGlobalSection
	GlobalSection(SolutionProperties) = preSolution
		HideSolutionNode = FALSE
	EndGlobalSection
	GlobalSection(ExtensibilityGlobals) = postSolution
		SolutionGuid = {13615B81-C02F-48A5-A32C-3EE3EF145198}
	EndGlobalSection
EndGlobal
